// !$*UTF8*$!
{
	archiveVersion = 1;
	classes = {
	};
	objectVersion = 46;
	objects = {

/* Begin PBXBuildFile section */
		6AC2BC1B584D08F16279960B /* Pods_Resume.framework in Frameworks */ = {isa = PBXBuildFile; fileRef = 264320924A9AF0A969C40D82 /* Pods_Resume.framework */; };
		FA0EC75F1EAAB060002CFFE3 /* NetworkUtils.swift in Sources */ = {isa = PBXBuildFile; fileRef = FA0EC75E1EAAB060002CFFE3 /* NetworkUtils.swift */; };
		FA3CC7781E8C65B3002CE7B3 /* AppDelegate.swift in Sources */ = {isa = PBXBuildFile; fileRef = FA3CC7771E8C65B3002CE7B3 /* AppDelegate.swift */; };
		FA3CC77D1E8C65B3002CE7B3 /* Main.storyboard in Resources */ = {isa = PBXBuildFile; fileRef = FA3CC77B1E8C65B3002CE7B3 /* Main.storyboard */; };
		FA3CC77F1E8C65B3002CE7B3 /* Assets.xcassets in Resources */ = {isa = PBXBuildFile; fileRef = FA3CC77E1E8C65B3002CE7B3 /* Assets.xcassets */; };
		FA3CC7821E8C65B3002CE7B3 /* LaunchScreen.storyboard in Resources */ = {isa = PBXBuildFile; fileRef = FA3CC7801E8C65B3002CE7B3 /* LaunchScreen.storyboard */; };
		FA4A810F1E969A6C000E3AFA /* AppConstants.swift in Sources */ = {isa = PBXBuildFile; fileRef = FA4A810E1E969A6C000E3AFA /* AppConstants.swift */; };
		FA4A81121E969B3A000E3AFA /* PlistUtils.swift in Sources */ = {isa = PBXBuildFile; fileRef = FA4A81111E969B3A000E3AFA /* PlistUtils.swift */; };
		FA4A81141E969E66000E3AFA /* Network.plist in Resources */ = {isa = PBXBuildFile; fileRef = FA4A81131E969E66000E3AFA /* Network.plist */; };
		FA621A861EA28E22004FB8D5 /* SortType.swift in Sources */ = {isa = PBXBuildFile; fileRef = FA621A851EA28E22004FB8D5 /* SortType.swift */; };
		FA6BC13A1EA2A51300AF3432 /* HTTPRouter.swift in Sources */ = {isa = PBXBuildFile; fileRef = FA6BC1391EA2A51300AF3432 /* HTTPRouter.swift */; };
		FA6BC13C1EA2A9C400AF3432 /* WebsiteAPICommunication.swift in Sources */ = {isa = PBXBuildFile; fileRef = FA6BC13B1EA2A9C400AF3432 /* WebsiteAPICommunication.swift */; };
		FA6BC13E1EA2AA5A00AF3432 /* Skill.swift in Sources */ = {isa = PBXBuildFile; fileRef = FA6BC13D1EA2AA5A00AF3432 /* Skill.swift */; };
		FACB63771E95C3A500EEBB02 /* GithubProject.swift in Sources */ = {isa = PBXBuildFile; fileRef = FACB63761E95C3A500EEBB02 /* GithubProject.swift */; };
		FACB637C1E95C57800EEBB02 /* HomeViewController.swift in Sources */ = {isa = PBXBuildFile; fileRef = FACB637B1E95C57800EEBB02 /* HomeViewController.swift */; };
		FAE00A3D1EA8564D00C121C1 /* GithubProjectsListTableViewController.swift in Sources */ = {isa = PBXBuildFile; fileRef = FAE00A3C1EA8564D00C121C1 /* GithubProjectsListTableViewController.swift */; };
		FAE00A3F1EA8565800C121C1 /* SkillsCollectionViewController.swift in Sources */ = {isa = PBXBuildFile; fileRef = FAE00A3E1EA8565800C121C1 /* SkillsCollectionViewController.swift */; };
		FAE00A441EA8569500C121C1 /* GithubProjectListTableViewCell.swift in Sources */ = {isa = PBXBuildFile; fileRef = FAE00A431EA8569500C121C1 /* GithubProjectListTableViewCell.swift */; };
		FAE2C61F1E8C69F9006FE6C3 /* R.generated.swift in Sources */ = {isa = PBXBuildFile; fileRef = FAE2C61E1E8C69F9006FE6C3 /* R.generated.swift */; };
		FAE2C6211E8C7D31006FE6C3 /* UIImageView.swift in Sources */ = {isa = PBXBuildFile; fileRef = FAE2C6201E8C7D31006FE6C3 /* UIImageView.swift */; };
		FAFBC2DF1E986334009D1F9D /* GithubAPICommunication.swift in Sources */ = {isa = PBXBuildFile; fileRef = FAFBC2DE1E986334009D1F9D /* GithubAPICommunication.swift */; };
/* End PBXBuildFile section */

/* Begin PBXFileReference section */
		264320924A9AF0A969C40D82 /* Pods_Resume.framework */ = {isa = PBXFileReference; explicitFileType = wrapper.framework; includeInIndex = 0; path = Pods_Resume.framework; sourceTree = BUILT_PRODUCTS_DIR; };
		50041D7B54403BE867081C2C /* Pods-Resume.release.xcconfig */ = {isa = PBXFileReference; includeInIndex = 1; lastKnownFileType = text.xcconfig; name = "Pods-Resume.release.xcconfig"; path = "Pods/Target Support Files/Pods-Resume/Pods-Resume.release.xcconfig"; sourceTree = "<group>"; };
		653ABBEBC9C108D048E1FCE7 /* Pods-Resume.debug.xcconfig */ = {isa = PBXFileReference; includeInIndex = 1; lastKnownFileType = text.xcconfig; name = "Pods-Resume.debug.xcconfig"; path = "Pods/Target Support Files/Pods-Resume/Pods-Resume.debug.xcconfig"; sourceTree = "<group>"; };
		FA0EC75E1EAAB060002CFFE3 /* NetworkUtils.swift */ = {isa = PBXFileReference; fileEncoding = 4; lastKnownFileType = sourcecode.swift; name = NetworkUtils.swift; path = Utils/NetworkUtils.swift; sourceTree = "<group>"; };
		FA3CC7741E8C65B3002CE7B3 /* Resume.app */ = {isa = PBXFileReference; explicitFileType = wrapper.application; includeInIndex = 0; path = Resume.app; sourceTree = BUILT_PRODUCTS_DIR; };
		FA3CC7771E8C65B3002CE7B3 /* AppDelegate.swift */ = {isa = PBXFileReference; lastKnownFileType = sourcecode.swift; path = AppDelegate.swift; sourceTree = "<group>"; };
		FA3CC77C1E8C65B3002CE7B3 /* Base */ = {isa = PBXFileReference; lastKnownFileType = file.storyboard; name = Base; path = Base.lproj/Main.storyboard; sourceTree = "<group>"; };
		FA3CC77E1E8C65B3002CE7B3 /* Assets.xcassets */ = {isa = PBXFileReference; lastKnownFileType = folder.assetcatalog; path = Assets.xcassets; sourceTree = "<group>"; };
		FA3CC7811E8C65B3002CE7B3 /* Base */ = {isa = PBXFileReference; lastKnownFileType = file.storyboard; name = Base; path = Base.lproj/LaunchScreen.storyboard; sourceTree = "<group>"; };
		FA3CC7831E8C65B3002CE7B3 /* Info.plist */ = {isa = PBXFileReference; lastKnownFileType = text.plist.xml; path = Info.plist; sourceTree = "<group>"; };
		FA4A810E1E969A6C000E3AFA /* AppConstants.swift */ = {isa = PBXFileReference; fileEncoding = 4; lastKnownFileType = sourcecode.swift; path = AppConstants.swift; sourceTree = "<group>"; };
		FA4A81111E969B3A000E3AFA /* PlistUtils.swift */ = {isa = PBXFileReference; fileEncoding = 4; lastKnownFileType = sourcecode.swift; name = PlistUtils.swift; path = Utils/PlistUtils.swift; sourceTree = "<group>"; };
		FA4A81131E969E66000E3AFA /* Network.plist */ = {isa = PBXFileReference; fileEncoding = 4; lastKnownFileType = text.plist.xml; path = Network.plist; sourceTree = "<group>"; };
		FA621A851EA28E22004FB8D5 /* SortType.swift */ = {isa = PBXFileReference; fileEncoding = 4; lastKnownFileType = sourcecode.swift; name = SortType.swift; path = Enums/SortType.swift; sourceTree = "<group>"; };
		FA6BC1391EA2A51300AF3432 /* HTTPRouter.swift */ = {isa = PBXFileReference; fileEncoding = 4; lastKnownFileType = sourcecode.swift; name = HTTPRouter.swift; path = Enums/HTTPRouter.swift; sourceTree = "<group>"; };
		FA6BC13B1EA2A9C400AF3432 /* WebsiteAPICommunication.swift */ = {isa = PBXFileReference; fileEncoding = 4; lastKnownFileType = sourcecode.swift; name = WebsiteAPICommunication.swift; path = Network/WebsiteAPICommunication.swift; sourceTree = "<group>"; };
		FA6BC13D1EA2AA5A00AF3432 /* Skill.swift */ = {isa = PBXFileReference; fileEncoding = 4; lastKnownFileType = sourcecode.swift; name = Skill.swift; path = Models/Skill.swift; sourceTree = "<group>"; };
		FACB63761E95C3A500EEBB02 /* GithubProject.swift */ = {isa = PBXFileReference; fileEncoding = 4; lastKnownFileType = sourcecode.swift; name = GithubProject.swift; path = Models/GithubProject.swift; sourceTree = "<group>"; };
		FACB637B1E95C57800EEBB02 /* HomeViewController.swift */ = {isa = PBXFileReference; fileEncoding = 4; lastKnownFileType = sourcecode.swift; name = HomeViewController.swift; path = Controllers/HomeViewController.swift; sourceTree = "<group>"; };
		FAE00A3C1EA8564D00C121C1 /* GithubProjectsListTableViewController.swift */ = {isa = PBXFileReference; fileEncoding = 4; lastKnownFileType = sourcecode.swift; name = GithubProjectsListTableViewController.swift; path = Controllers/Projects/GithubProjectsListTableViewController.swift; sourceTree = "<group>"; };
		FAE00A3E1EA8565800C121C1 /* SkillsCollectionViewController.swift */ = {isa = PBXFileReference; fileEncoding = 4; lastKnownFileType = sourcecode.swift; name = SkillsCollectionViewController.swift; path = Controllers/Skills/SkillsCollectionViewController.swift; sourceTree = "<group>"; };
		FAE00A431EA8569500C121C1 /* GithubProjectListTableViewCell.swift */ = {isa = PBXFileReference; fileEncoding = 4; lastKnownFileType = sourcecode.swift; name = GithubProjectListTableViewCell.swift; path = Controllers/Projects/CustomCell/GithubProjectListTableViewCell.swift; sourceTree = "<group>"; };
		FAE2C61E1E8C69F9006FE6C3 /* R.generated.swift */ = {isa = PBXFileReference; fileEncoding = 4; lastKnownFileType = sourcecode.swift; path = R.generated.swift; sourceTree = SOURCE_ROOT; };
		FAE2C6201E8C7D31006FE6C3 /* UIImageView.swift */ = {isa = PBXFileReference; fileEncoding = 4; lastKnownFileType = sourcecode.swift; name = UIImageView.swift; path = Extensions/UIImageView.swift; sourceTree = "<group>"; };
		FAFBC2DE1E986334009D1F9D /* GithubAPICommunication.swift */ = {isa = PBXFileReference; fileEncoding = 4; lastKnownFileType = sourcecode.swift; name = GithubAPICommunication.swift; path = Network/GithubAPICommunication.swift; sourceTree = "<group>"; };
/* End PBXFileReference section */

/* Begin PBXFrameworksBuildPhase section */
		FA3CC7711E8C65B3002CE7B3 /* Frameworks */ = {
			isa = PBXFrameworksBuildPhase;
			buildActionMask = 2147483647;
			files = (
				6AC2BC1B584D08F16279960B /* Pods_Resume.framework in Frameworks */,
			);
			runOnlyForDeploymentPostprocessing = 0;
		};
/* End PBXFrameworksBuildPhase section */

/* Begin PBXGroup section */
		431018D1ECD1588F7F7CAD12 /* Pods */ = {
			isa = PBXGroup;
			children = (
				653ABBEBC9C108D048E1FCE7 /* Pods-Resume.debug.xcconfig */,
				50041D7B54403BE867081C2C /* Pods-Resume.release.xcconfig */,
			);
			name = Pods;
			sourceTree = "<group>";
		};
		D4AF85CD9C11E80169722772 /* Frameworks */ = {
			isa = PBXGroup;
			children = (
				264320924A9AF0A969C40D82 /* Pods_Resume.framework */,
			);
			name = Frameworks;
			sourceTree = "<group>";
		};
		FA3CC76B1E8C65B3002CE7B3 = {
			isa = PBXGroup;
			children = (
				FA3CC7761E8C65B3002CE7B3 /* Resume */,
				FA3CC7751E8C65B3002CE7B3 /* Products */,
				431018D1ECD1588F7F7CAD12 /* Pods */,
				D4AF85CD9C11E80169722772 /* Frameworks */,
			);
			sourceTree = "<group>";
		};
		FA3CC7751E8C65B3002CE7B3 /* Products */ = {
			isa = PBXGroup;
			children = (
				FA3CC7741E8C65B3002CE7B3 /* Resume.app */,
			);
			name = Products;
			sourceTree = "<group>";
		};
		FA3CC7761E8C65B3002CE7B3 /* Resume */ = {
			isa = PBXGroup;
			children = (
				FA621A841EA28DF0004FB8D5 /* Enums */,
				FAFBC2DD1E9861FB009D1F9D /* Network */,
				FA4A81101E969B17000E3AFA /* Utils */,
				FACB63781E95C54A00EEBB02 /* Controllers */,
				FAE2C61E1E8C69F9006FE6C3 /* R.generated.swift */,
				FAE2C61A1E8C68ED006FE6C3 /* Extensions */,
				FAE2C6181E8C67BB006FE6C3 /* Models */,
				FA3CC7771E8C65B3002CE7B3 /* AppDelegate.swift */,
				FA3CC77B1E8C65B3002CE7B3 /* Main.storyboard */,
				FA3CC77E1E8C65B3002CE7B3 /* Assets.xcassets */,
				FA3CC7801E8C65B3002CE7B3 /* LaunchScreen.storyboard */,
				FA3CC7831E8C65B3002CE7B3 /* Info.plist */,
				FA4A810E1E969A6C000E3AFA /* AppConstants.swift */,
				FA4A81131E969E66000E3AFA /* Network.plist */,
			);
			path = Resume;
			sourceTree = "<group>";
		};
		FA4A81101E969B17000E3AFA /* Utils */ = {
			isa = PBXGroup;
			children = (
				FA4A81111E969B3A000E3AFA /* PlistUtils.swift */,
				FA0EC75E1EAAB060002CFFE3 /* NetworkUtils.swift */,
			);
			name = Utils;
			sourceTree = "<group>";
		};
		FA621A841EA28DF0004FB8D5 /* Enums */ = {
			isa = PBXGroup;
			children = (
				FA621A851EA28E22004FB8D5 /* SortType.swift */,
				FA6BC1391EA2A51300AF3432 /* HTTPRouter.swift */,
			);
			name = Enums;
			sourceTree = "<group>";
		};
		FACB63781E95C54A00EEBB02 /* Controllers */ = {
			isa = PBXGroup;
			children = (
				FAE00A3B1EA8563D00C121C1 /* Skills */,
				FAE00A3A1EA8563300C121C1 /* Projects */,
				FACB637B1E95C57800EEBB02 /* HomeViewController.swift */,
			);
			name = Controllers;
			sourceTree = "<group>";
		};
		FAE00A3A1EA8563300C121C1 /* Projects */ = {
			isa = PBXGroup;
			children = (
				FAE00A401EA8566400C121C1 /* CustomCells */,
				FAE00A3C1EA8564D00C121C1 /* GithubProjectsListTableViewController.swift */,
			);
			name = Projects;
			sourceTree = "<group>";
		};
		FAE00A3B1EA8563D00C121C1 /* Skills */ = {
			isa = PBXGroup;
			children = (
				FAE00A3E1EA8565800C121C1 /* SkillsCollectionViewController.swift */,
			);
			name = Skills;
			sourceTree = "<group>";
		};
		FAE00A401EA8566400C121C1 /* CustomCells */ = {
			isa = PBXGroup;
			children = (
				FAE00A431EA8569500C121C1 /* GithubProjectListTableViewCell.swift */,
			);
			name = CustomCells;
			sourceTree = "<group>";
		};
		FAE2C6181E8C67BB006FE6C3 /* Models */ = {
			isa = PBXGroup;
			children = (
				FACB63761E95C3A500EEBB02 /* GithubProject.swift */,
				FA6BC13D1EA2AA5A00AF3432 /* Skill.swift */,
			);
			name = Models;
			sourceTree = "<group>";
		};
		FAE2C61A1E8C68ED006FE6C3 /* Extensions */ = {
			isa = PBXGroup;
			children = (
				FAE2C6201E8C7D31006FE6C3 /* UIImageView.swift */,
			);
			name = Extensions;
			sourceTree = "<group>";
		};
		FAFBC2DD1E9861FB009D1F9D /* Network */ = {
			isa = PBXGroup;
			children = (
				FAFBC2DE1E986334009D1F9D /* GithubAPICommunication.swift */,
				FA6BC13B1EA2A9C400AF3432 /* WebsiteAPICommunication.swift */,
			);
			name = Network;
			sourceTree = "<group>";
		};
/* End PBXGroup section */

/* Begin PBXNativeTarget section */
		FA3CC7731E8C65B3002CE7B3 /* Resume */ = {
			isa = PBXNativeTarget;
			buildConfigurationList = FA3CC7861E8C65B3002CE7B3 /* Build configuration list for PBXNativeTarget "Resume" */;
			buildPhases = (
				2DC0A271FFF1C837195A25EB /* [CP] Check Pods Manifest.lock */,
				FAE2C61B1E8C69A2006FE6C3 /* ShellScript */,
				FA3CC7701E8C65B3002CE7B3 /* Sources */,
				FA3CC7711E8C65B3002CE7B3 /* Frameworks */,
				FA3CC7721E8C65B3002CE7B3 /* Resources */,
				1DC896F1CF239A228A872770 /* [CP] Embed Pods Frameworks */,
				E9958E689C5DEA9174F25AE4 /* [CP] Copy Pods Resources */,
			);
			buildRules = (
			);
			dependencies = (
			);
			name = Resume;
			productName = Resume;
			productReference = FA3CC7741E8C65B3002CE7B3 /* Resume.app */;
			productType = "com.apple.product-type.application";
		};
/* End PBXNativeTarget section */

/* Begin PBXProject section */
		FA3CC76C1E8C65B3002CE7B3 /* Project object */ = {
			isa = PBXProject;
			attributes = {
				LastSwiftUpdateCheck = 0830;
				LastUpgradeCheck = 0830;
				ORGANIZATIONNAME = "Odet Alexandre";
				TargetAttributes = {
					FA3CC7731E8C65B3002CE7B3 = {
						CreatedOnToolsVersion = 8.3;
						DevelopmentTeam = 97AYAAKHJ8;
						ProvisioningStyle = Automatic;
					};
				};
			};
			buildConfigurationList = FA3CC76F1E8C65B3002CE7B3 /* Build configuration list for PBXProject "Resume" */;
			compatibilityVersion = "Xcode 3.2";
			developmentRegion = English;
			hasScannedForEncodings = 0;
			knownRegions = (
				en,
				Base,
			);
			mainGroup = FA3CC76B1E8C65B3002CE7B3;
			productRefGroup = FA3CC7751E8C65B3002CE7B3 /* Products */;
			projectDirPath = "";
			projectRoot = "";
			targets = (
				FA3CC7731E8C65B3002CE7B3 /* Resume */,
			);
		};
/* End PBXProject section */

/* Begin PBXResourcesBuildPhase section */
		FA3CC7721E8C65B3002CE7B3 /* Resources */ = {
			isa = PBXResourcesBuildPhase;
			buildActionMask = 2147483647;
			files = (
				FA3CC7821E8C65B3002CE7B3 /* LaunchScreen.storyboard in Resources */,
				FA4A81141E969E66000E3AFA /* Network.plist in Resources */,
				FA3CC77F1E8C65B3002CE7B3 /* Assets.xcassets in Resources */,
				FA3CC77D1E8C65B3002CE7B3 /* Main.storyboard in Resources */,
			);
			runOnlyForDeploymentPostprocessing = 0;
		};
/* End PBXResourcesBuildPhase section */

/* Begin PBXShellScriptBuildPhase section */
		1DC896F1CF239A228A872770 /* [CP] Embed Pods Frameworks */ = {
			isa = PBXShellScriptBuildPhase;
			buildActionMask = 2147483647;
			files = (
			);
			inputPaths = (
			);
			name = "[CP] Embed Pods Frameworks";
			outputPaths = (
			);
			runOnlyForDeploymentPostprocessing = 0;
			shellPath = /bin/sh;
			shellScript = "\"${SRCROOT}/Pods/Target Support Files/Pods-Resume/Pods-Resume-frameworks.sh\"\n";
			showEnvVarsInLog = 0;
		};
		2DC0A271FFF1C837195A25EB /* [CP] Check Pods Manifest.lock */ = {
			isa = PBXShellScriptBuildPhase;
			buildActionMask = 2147483647;
			files = (
			);
			inputPaths = (
			);
			name = "[CP] Check Pods Manifest.lock";
			outputPaths = (
			);
			runOnlyForDeploymentPostprocessing = 0;
			shellPath = /bin/sh;
			shellScript = "diff \"${PODS_ROOT}/../Podfile.lock\" \"${PODS_ROOT}/Manifest.lock\" > /dev/null\nif [ $? != 0 ] ; then\n    # print error to STDERR\n    echo \"error: The sandbox is not in sync with the Podfile.lock. Run 'pod install' or update your CocoaPods installation.\" >&2\n    exit 1\nfi\n";
			showEnvVarsInLog = 0;
		};
		E9958E689C5DEA9174F25AE4 /* [CP] Copy Pods Resources */ = {
			isa = PBXShellScriptBuildPhase;
			buildActionMask = 2147483647;
			files = (
			);
			inputPaths = (
			);
			name = "[CP] Copy Pods Resources";
			outputPaths = (
			);
			runOnlyForDeploymentPostprocessing = 0;
			shellPath = /bin/sh;
			shellScript = "\"${SRCROOT}/Pods/Target Support Files/Pods-Resume/Pods-Resume-resources.sh\"\n";
			showEnvVarsInLog = 0;
		};
		FAE2C61B1E8C69A2006FE6C3 /* ShellScript */ = {
			isa = PBXShellScriptBuildPhase;
			buildActionMask = 2147483647;
			files = (
			);
			inputPaths = (
			);
			outputPaths = (
			);
			runOnlyForDeploymentPostprocessing = 0;
			shellPath = /bin/sh;
			shellScript = "\"$PODS_ROOT/R.swift/rswift\" \"$SRCROOT\"";
		};
/* End PBXShellScriptBuildPhase section */

/* Begin PBXSourcesBuildPhase section */
		FA3CC7701E8C65B3002CE7B3 /* Sources */ = {
			isa = PBXSourcesBuildPhase;
			buildActionMask = 2147483647;
			files = (
				FA4A81121E969B3A000E3AFA /* PlistUtils.swift in Sources */,
				FAE00A441EA8569500C121C1 /* GithubProjectListTableViewCell.swift in Sources */,
				FA6BC13E1EA2AA5A00AF3432 /* Skill.swift in Sources */,
				FACB637C1E95C57800EEBB02 /* HomeViewController.swift in Sources */,
				FAE2C6211E8C7D31006FE6C3 /* UIImageView.swift in Sources */,
				FAE00A3F1EA8565800C121C1 /* SkillsCollectionViewController.swift in Sources */,
				FA621A861EA28E22004FB8D5 /* SortType.swift in Sources */,
				FACB63771E95C3A500EEBB02 /* GithubProject.swift in Sources */,
				FA0EC75F1EAAB060002CFFE3 /* NetworkUtils.swift in Sources */,
				FAFBC2DF1E986334009D1F9D /* GithubAPICommunication.swift in Sources */,
				FA4A810F1E969A6C000E3AFA /* AppConstants.swift in Sources */,
				FA3CC7781E8C65B3002CE7B3 /* AppDelegate.swift in Sources */,
				FA6BC13A1EA2A51300AF3432 /* HTTPRouter.swift in Sources */,
				FAE2C61F1E8C69F9006FE6C3 /* R.generated.swift in Sources */,
				FAE00A3D1EA8564D00C121C1 /* GithubProjectsListTableViewController.swift in Sources */,
				FA6BC13C1EA2A9C400AF3432 /* WebsiteAPICommunication.swift in Sources */,
			);
			runOnlyForDeploymentPostprocessing = 0;
		};
/* End PBXSourcesBuildPhase section */

/* Begin PBXVariantGroup section */
		FA3CC77B1E8C65B3002CE7B3 /* Main.storyboard */ = {
			isa = PBXVariantGroup;
			children = (
				FA3CC77C1E8C65B3002CE7B3 /* Base */,
			);
			name = Main.storyboard;
			sourceTree = "<group>";
		};
		FA3CC7801E8C65B3002CE7B3 /* LaunchScreen.storyboard */ = {
			isa = PBXVariantGroup;
			children = (
				FA3CC7811E8C65B3002CE7B3 /* Base */,
			);
			name = LaunchScreen.storyboard;
			sourceTree = "<group>";
		};
/* End PBXVariantGroup section */

/* Begin XCBuildConfiguration section */
		FA3CC7841E8C65B3002CE7B3 /* Debug */ = {
			isa = XCBuildConfiguration;
			buildSettings = {
				ALWAYS_SEARCH_USER_PATHS = NO;
				CLANG_ANALYZER_NONNULL = YES;
				CLANG_ANALYZER_NUMBER_OBJECT_CONVERSION = YES_AGGRESSIVE;
				CLANG_CXX_LANGUAGE_STANDARD = "gnu++0x";
				CLANG_CXX_LIBRARY = "libc++";
				CLANG_ENABLE_MODULES = YES;
				CLANG_ENABLE_OBJC_ARC = YES;
				CLANG_WARN_BOOL_CONVERSION = YES;
				CLANG_WARN_CONSTANT_CONVERSION = YES;
				CLANG_WARN_DIRECT_OBJC_ISA_USAGE = YES_ERROR;
				CLANG_WARN_DOCUMENTATION_COMMENTS = YES;
				CLANG_WARN_EMPTY_BODY = YES;
				CLANG_WARN_ENUM_CONVERSION = YES;
				CLANG_WARN_INFINITE_RECURSION = YES;
				CLANG_WARN_INT_CONVERSION = YES;
				CLANG_WARN_OBJC_ROOT_CLASS = YES_ERROR;
				CLANG_WARN_SUSPICIOUS_MOVE = YES;
				CLANG_WARN_UNREACHABLE_CODE = YES;
				CLANG_WARN__DUPLICATE_METHOD_MATCH = YES;
				"CODE_SIGN_IDENTITY[sdk=iphoneos*]" = "iPhone Developer";
				COPY_PHASE_STRIP = NO;
				DEBUG_INFORMATION_FORMAT = dwarf;
				ENABLE_STRICT_OBJC_MSGSEND = YES;
				ENABLE_TESTABILITY = YES;
				GCC_C_LANGUAGE_STANDARD = gnu99;
				GCC_DYNAMIC_NO_PIC = NO;
				GCC_NO_COMMON_BLOCKS = YES;
				GCC_OPTIMIZATION_LEVEL = 0;
				GCC_PREPROCESSOR_DEFINITIONS = (
					"DEBUG=1",
					"$(inherited)",
				);
				GCC_WARN_64_TO_32_BIT_CONVERSION = YES;
				GCC_WARN_ABOUT_RETURN_TYPE = YES_ERROR;
				GCC_WARN_UNDECLARED_SELECTOR = YES;
				GCC_WARN_UNINITIALIZED_AUTOS = YES_AGGRESSIVE;
				GCC_WARN_UNUSED_FUNCTION = YES;
				GCC_WARN_UNUSED_VARIABLE = YES;
				IPHONEOS_DEPLOYMENT_TARGET = 10.3;
				MTL_ENABLE_DEBUG_INFO = YES;
				ONLY_ACTIVE_ARCH = YES;
				SDKROOT = iphoneos;
				SWIFT_ACTIVE_COMPILATION_CONDITIONS = DEBUG;
				SWIFT_OPTIMIZATION_LEVEL = "-Onone";
			};
			name = Debug;
		};
		FA3CC7851E8C65B3002CE7B3 /* Release */ = {
			isa = XCBuildConfiguration;
			buildSettings = {
				ALWAYS_SEARCH_USER_PATHS = NO;
				CLANG_ANALYZER_NONNULL = YES;
				CLANG_ANALYZER_NUMBER_OBJECT_CONVERSION = YES_AGGRESSIVE;
				CLANG_CXX_LANGUAGE_STANDARD = "gnu++0x";
				CLANG_CXX_LIBRARY = "libc++";
				CLANG_ENABLE_MODULES = YES;
				CLANG_ENABLE_OBJC_ARC = YES;
				CLANG_WARN_BOOL_CONVERSION = YES;
				CLANG_WARN_CONSTANT_CONVERSION = YES;
				CLANG_WARN_DIRECT_OBJC_ISA_USAGE = YES_ERROR;
				CLANG_WARN_DOCUMENTATION_COMMENTS = YES;
				CLANG_WARN_EMPTY_BODY = YES;
				CLANG_WARN_ENUM_CONVERSION = YES;
				CLANG_WARN_INFINITE_RECURSION = YES;
				CLANG_WARN_INT_CONVERSION = YES;
				CLANG_WARN_OBJC_ROOT_CLASS = YES_ERROR;
				CLANG_WARN_SUSPICIOUS_MOVE = YES;
				CLANG_WARN_UNREACHABLE_CODE = YES;
				CLANG_WARN__DUPLICATE_METHOD_MATCH = YES;
				"CODE_SIGN_IDENTITY[sdk=iphoneos*]" = "iPhone Developer";
				COPY_PHASE_STRIP = NO;
				DEBUG_INFORMATION_FORMAT = "dwarf-with-dsym";
				ENABLE_NS_ASSERTIONS = NO;
				ENABLE_STRICT_OBJC_MSGSEND = YES;
				GCC_C_LANGUAGE_STANDARD = gnu99;
				GCC_NO_COMMON_BLOCKS = YES;
				GCC_WARN_64_TO_32_BIT_CONVERSION = YES;
				GCC_WARN_ABOUT_RETURN_TYPE = YES_ERROR;
				GCC_WARN_UNDECLARED_SELECTOR = YES;
				GCC_WARN_UNINITIALIZED_AUTOS = YES_AGGRESSIVE;
				GCC_WARN_UNUSED_FUNCTION = YES;
				GCC_WARN_UNUSED_VARIABLE = YES;
				IPHONEOS_DEPLOYMENT_TARGET = 10.3;
				MTL_ENABLE_DEBUG_INFO = NO;
				SDKROOT = iphoneos;
				SWIFT_OPTIMIZATION_LEVEL = "-Owholemodule";
				VALIDATE_PRODUCT = YES;
			};
			name = Release;
		};
		FA3CC7871E8C65B3002CE7B3 /* Debug */ = {
			isa = XCBuildConfiguration;
			baseConfigurationReference = 653ABBEBC9C108D048E1FCE7 /* Pods-Resume.debug.xcconfig */;
			buildSettings = {
				ASSETCATALOG_COMPILER_APPICON_NAME = AppIcon;
				DEVELOPMENT_TEAM = 97AYAAKHJ8;
				INFOPLIST_FILE = Resume/Info.plist;
				LD_RUNPATH_SEARCH_PATHS = "$(inherited) @executable_path/Frameworks";
				PRODUCT_BUNDLE_IDENTIFIER = OdetAlexandre.Resume;
				PRODUCT_NAME = "$(TARGET_NAME)";
				SWIFT_VERSION = 3.0;
			};
			name = Debug;
		};
		FA3CC7881E8C65B3002CE7B3 /* Release */ = {
			isa = XCBuildConfiguration;
			baseConfigurationReference = 50041D7B54403BE867081C2C /* Pods-Resume.release.xcconfig */;
			buildSettings = {
				ASSETCATALOG_COMPILER_APPICON_NAME = AppIcon;
				DEVELOPMENT_TEAM = 97AYAAKHJ8;
				INFOPLIST_FILE = Resume/Info.plist;
				LD_RUNPATH_SEARCH_PATHS = "$(inherited) @executable_path/Frameworks";
				PRODUCT_BUNDLE_IDENTIFIER = OdetAlexandre.Resume;
				PRODUCT_NAME = "$(TARGET_NAME)";
				SWIFT_VERSION = 3.0;
			};
			name = Release;
		};
/* End XCBuildConfiguration section */

/* Begin XCConfigurationList section */
		FA3CC76F1E8C65B3002CE7B3 /* Build configuration list for PBXProject "Resume" */ = {
			isa = XCConfigurationList;
			buildConfigurations = (
				FA3CC7841E8C65B3002CE7B3 /* Debug */,
				FA3CC7851E8C65B3002CE7B3 /* Release */,
			);
			defaultConfigurationIsVisible = 0;
			defaultConfigurationName = Release;
		};
		FA3CC7861E8C65B3002CE7B3 /* Build configuration list for PBXNativeTarget "Resume" */ = {
			isa = XCConfigurationList;
			buildConfigurations = (
				FA3CC7871E8C65B3002CE7B3 /* Debug */,
				FA3CC7881E8C65B3002CE7B3 /* Release */,
			);
			defaultConfigurationIsVisible = 0;
			defaultConfigurationName = Release;
		};
/* End XCConfigurationList section */
	};
	rootObject = FA3CC76C1E8C65B3002CE7B3 /* Project object */;
}
