// !$*UTF8*$!
{
	archiveVersion = 1;
	classes = {
	};
	objectVersion = 46;
	objects = {

/* Begin PBXBuildFile section */
		E1F3267141771AE6DAE453CE /* Pods_Resume.framework in Frameworks */ = {isa = PBXBuildFile; fileRef = 7BFBD9A56CE166C3D0910685 /* Pods_Resume.framework */; };
		FA0EC75F1EAAB060002CFFE3 /* NetworkUtils.swift in Sources */ = {isa = PBXBuildFile; fileRef = FA0EC75E1EAAB060002CFFE3 /* NetworkUtils.swift */; };
		FA1860651FA77632006B4B1C /* WorksViewModel.swift in Sources */ = {isa = PBXBuildFile; fileRef = FA1860641FA77632006B4B1C /* WorksViewModel.swift */; };
		FA1860681FA77662006B4B1C /* AppConstants.swift in Sources */ = {isa = PBXBuildFile; fileRef = FA1860671FA77662006B4B1C /* AppConstants.swift */; };
		FA18606B1FA7781A006B4B1C /* WorksTableViewController.swift in Sources */ = {isa = PBXBuildFile; fileRef = FA18606A1FA7781A006B4B1C /* WorksTableViewController.swift */; };
		FA18606D1FA77DF1006B4B1C /* BindableProtocol.swift in Sources */ = {isa = PBXBuildFile; fileRef = FA18606C1FA77DF1006B4B1C /* BindableProtocol.swift */; };
		FA1860701FA788B7006B4B1C /* WorksTableViewCell.swift in Sources */ = {isa = PBXBuildFile; fileRef = FA18606F1FA788B7006B4B1C /* WorksTableViewCell.swift */; };
		FA330D4E1FA0B62F004DC374 /* HomeCollectionViewCell.swift in Sources */ = {isa = PBXBuildFile; fileRef = FA330D4D1FA0B62F004DC374 /* HomeCollectionViewCell.swift */; };
		FA3CC7781E8C65B3002CE7B3 /* AppDelegate.swift in Sources */ = {isa = PBXBuildFile; fileRef = FA3CC7771E8C65B3002CE7B3 /* AppDelegate.swift */; };
		FA3CC77D1E8C65B3002CE7B3 /* Main.storyboard in Resources */ = {isa = PBXBuildFile; fileRef = FA3CC77B1E8C65B3002CE7B3 /* Main.storyboard */; };
		FA3CC77F1E8C65B3002CE7B3 /* Assets.xcassets in Resources */ = {isa = PBXBuildFile; fileRef = FA3CC77E1E8C65B3002CE7B3 /* Assets.xcassets */; };
		FA3CC7821E8C65B3002CE7B3 /* LaunchScreen.storyboard in Resources */ = {isa = PBXBuildFile; fileRef = FA3CC7801E8C65B3002CE7B3 /* LaunchScreen.storyboard */; };
		FA4A81121E969B3A000E3AFA /* PlistUtils.swift in Sources */ = {isa = PBXBuildFile; fileRef = FA4A81111E969B3A000E3AFA /* PlistUtils.swift */; };
		FA4A81141E969E66000E3AFA /* Network.plist in Resources */ = {isa = PBXBuildFile; fileRef = FA4A81131E969E66000E3AFA /* Network.plist */; };
		FA621A861EA28E22004FB8D5 /* SortType.swift in Sources */ = {isa = PBXBuildFile; fileRef = FA621A851EA28E22004FB8D5 /* SortType.swift */; };
		FA6883531EABE199007D6C92 /* SkillsCollectionViewCell.swift in Sources */ = {isa = PBXBuildFile; fileRef = FA6883521EABE199007D6C92 /* SkillsCollectionViewCell.swift */; };
		FA6BC13A1EA2A51300AF3432 /* HTTPRouter.swift in Sources */ = {isa = PBXBuildFile; fileRef = FA6BC1391EA2A51300AF3432 /* HTTPRouter.swift */; };
		FA6BC13C1EA2A9C400AF3432 /* WebsiteAPICommunication.swift in Sources */ = {isa = PBXBuildFile; fileRef = FA6BC13B1EA2A9C400AF3432 /* WebsiteAPICommunication.swift */; };
		FA6BC13E1EA2AA5A00AF3432 /* Skill.swift in Sources */ = {isa = PBXBuildFile; fileRef = FA6BC13D1EA2AA5A00AF3432 /* Skill.swift */; };
		FA74951A1FA07C7900BF502E /* Study.swift in Sources */ = {isa = PBXBuildFile; fileRef = FA7495191FA07C7900BF502E /* Study.swift */; };
		FA74951C1FA07ECE00BF502E /* HomeViewModel.swift in Sources */ = {isa = PBXBuildFile; fileRef = FA74951B1FA07ECE00BF502E /* HomeViewModel.swift */; };
		FA7495211FA07FE700BF502E /* HomeViewController.swift in Sources */ = {isa = PBXBuildFile; fileRef = FA7495201FA07FE700BF502E /* HomeViewController.swift */; };
		FAACB8F31F9F7105000AD33F /* SkillsViewModel.swift in Sources */ = {isa = PBXBuildFile; fileRef = FAACB8F21F9F7105000AD33F /* SkillsViewModel.swift */; };
		FAACB8F51F9F72D7000AD33F /* BaseAPICommunication.swift in Sources */ = {isa = PBXBuildFile; fileRef = FAACB8F41F9F72D7000AD33F /* BaseAPICommunication.swift */; };
		FAACB8F71F9F737F000AD33F /* ProjectViewModel.swift in Sources */ = {isa = PBXBuildFile; fileRef = FAACB8F61F9F737F000AD33F /* ProjectViewModel.swift */; };
		FAACB8FA1F9F821C000AD33F /* ViewModelProtocol.swift in Sources */ = {isa = PBXBuildFile; fileRef = FAACB8F91F9F821C000AD33F /* ViewModelProtocol.swift */; };
		FAACB8FC1F9F8337000AD33F /* UIColor.swift in Sources */ = {isa = PBXBuildFile; fileRef = FAACB8FB1F9F8337000AD33F /* UIColor.swift */; };
		FACB63771E95C3A500EEBB02 /* GithubProject.swift in Sources */ = {isa = PBXBuildFile; fileRef = FACB63761E95C3A500EEBB02 /* GithubProject.swift */; };
		FAE00A3D1EA8564D00C121C1 /* GithubProjectsListTableViewController.swift in Sources */ = {isa = PBXBuildFile; fileRef = FAE00A3C1EA8564D00C121C1 /* GithubProjectsListTableViewController.swift */; };
		FAE00A3F1EA8565800C121C1 /* SkillsCollectionViewController.swift in Sources */ = {isa = PBXBuildFile; fileRef = FAE00A3E1EA8565800C121C1 /* SkillsCollectionViewController.swift */; };
		FAE00A441EA8569500C121C1 /* GithubProjectListTableViewCell.swift in Sources */ = {isa = PBXBuildFile; fileRef = FAE00A431EA8569500C121C1 /* GithubProjectListTableViewCell.swift */; };
		FAE2C6211E8C7D31006FE6C3 /* UIImageView.swift in Sources */ = {isa = PBXBuildFile; fileRef = FAE2C6201E8C7D31006FE6C3 /* UIImageView.swift */; };
		FAE9831B1FA71E2400F3B46A /* Error.swift in Sources */ = {isa = PBXBuildFile; fileRef = FAE9831A1FA71E2400F3B46A /* Error.swift */; };
		FAE9831D1FA73ABB00F3B46A /* Work.swift in Sources */ = {isa = PBXBuildFile; fileRef = FAE9831C1FA73ABB00F3B46A /* Work.swift */; };
		FAFBC2DF1E986334009D1F9D /* GithubAPICommunication.swift in Sources */ = {isa = PBXBuildFile; fileRef = FAFBC2DE1E986334009D1F9D /* GithubAPICommunication.swift */; };
/* End PBXBuildFile section */

/* Begin PBXFileReference section */
		7BFBD9A56CE166C3D0910685 /* Pods_Resume.framework */ = {isa = PBXFileReference; explicitFileType = wrapper.framework; includeInIndex = 0; path = Pods_Resume.framework; sourceTree = BUILT_PRODUCTS_DIR; };
		8D097758E1D43B5FD3E54A2F /* Pods-Resume.release.xcconfig */ = {isa = PBXFileReference; includeInIndex = 1; lastKnownFileType = text.xcconfig; name = "Pods-Resume.release.xcconfig"; path = "Pods/Target Support Files/Pods-Resume/Pods-Resume.release.xcconfig"; sourceTree = "<group>"; };
		D49FC3687FD4E18166FBC94C /* Pods-Resume.debug.xcconfig */ = {isa = PBXFileReference; includeInIndex = 1; lastKnownFileType = text.xcconfig; name = "Pods-Resume.debug.xcconfig"; path = "Pods/Target Support Files/Pods-Resume/Pods-Resume.debug.xcconfig"; sourceTree = "<group>"; };
		FA0EC75E1EAAB060002CFFE3 /* NetworkUtils.swift */ = {isa = PBXFileReference; fileEncoding = 4; lastKnownFileType = sourcecode.swift; name = NetworkUtils.swift; path = Utils/NetworkUtils.swift; sourceTree = "<group>"; };
		FA1860641FA77632006B4B1C /* WorksViewModel.swift */ = {isa = PBXFileReference; lastKnownFileType = sourcecode.swift; name = WorksViewModel.swift; path = ViewModel/WorksViewModel.swift; sourceTree = "<group>"; };
		FA1860671FA77662006B4B1C /* AppConstants.swift */ = {isa = PBXFileReference; fileEncoding = 4; lastKnownFileType = sourcecode.swift; name = AppConstants.swift; path = Constants/AppConstants.swift; sourceTree = "<group>"; };
		FA18606A1FA7781A006B4B1C /* WorksTableViewController.swift */ = {isa = PBXFileReference; lastKnownFileType = sourcecode.swift; name = WorksTableViewController.swift; path = Controllers/Works/WorksTableViewController.swift; sourceTree = "<group>"; };
		FA18606C1FA77DF1006B4B1C /* BindableProtocol.swift */ = {isa = PBXFileReference; lastKnownFileType = sourcecode.swift; name = BindableProtocol.swift; path = Protocols/BindableProtocol.swift; sourceTree = "<group>"; };
		FA18606F1FA788B7006B4B1C /* WorksTableViewCell.swift */ = {isa = PBXFileReference; lastKnownFileType = sourcecode.swift; name = WorksTableViewCell.swift; path = Controllers/Works/CustomCell/WorksTableViewCell.swift; sourceTree = "<group>"; };
		FA330D4D1FA0B62F004DC374 /* HomeCollectionViewCell.swift */ = {isa = PBXFileReference; fileEncoding = 4; lastKnownFileType = sourcecode.swift; name = HomeCollectionViewCell.swift; path = Controllers/Home/CustomCell/HomeCollectionViewCell.swift; sourceTree = "<group>"; };
		FA3CC7741E8C65B3002CE7B3 /* Resume.app */ = {isa = PBXFileReference; explicitFileType = wrapper.application; includeInIndex = 0; path = Resume.app; sourceTree = BUILT_PRODUCTS_DIR; };
		FA3CC7771E8C65B3002CE7B3 /* AppDelegate.swift */ = {isa = PBXFileReference; lastKnownFileType = sourcecode.swift; path = AppDelegate.swift; sourceTree = "<group>"; };
		FA3CC77C1E8C65B3002CE7B3 /* Base */ = {isa = PBXFileReference; lastKnownFileType = file.storyboard; name = Base; path = Base.lproj/Main.storyboard; sourceTree = "<group>"; };
		FA3CC77E1E8C65B3002CE7B3 /* Assets.xcassets */ = {isa = PBXFileReference; lastKnownFileType = folder.assetcatalog; path = Assets.xcassets; sourceTree = "<group>"; };
		FA3CC7811E8C65B3002CE7B3 /* Base */ = {isa = PBXFileReference; lastKnownFileType = file.storyboard; name = Base; path = Base.lproj/LaunchScreen.storyboard; sourceTree = "<group>"; };
		FA3CC7831E8C65B3002CE7B3 /* Info.plist */ = {isa = PBXFileReference; lastKnownFileType = text.plist.xml; path = Info.plist; sourceTree = "<group>"; };
		FA4A81111E969B3A000E3AFA /* PlistUtils.swift */ = {isa = PBXFileReference; fileEncoding = 4; lastKnownFileType = sourcecode.swift; name = PlistUtils.swift; path = Utils/PlistUtils.swift; sourceTree = "<group>"; };
		FA4A81131E969E66000E3AFA /* Network.plist */ = {isa = PBXFileReference; fileEncoding = 4; lastKnownFileType = text.plist.xml; path = Network.plist; sourceTree = "<group>"; };
		FA621A851EA28E22004FB8D5 /* SortType.swift */ = {isa = PBXFileReference; fileEncoding = 4; lastKnownFileType = sourcecode.swift; name = SortType.swift; path = Enums/SortType.swift; sourceTree = "<group>"; };
		FA6883521EABE199007D6C92 /* SkillsCollectionViewCell.swift */ = {isa = PBXFileReference; fileEncoding = 4; lastKnownFileType = sourcecode.swift; name = SkillsCollectionViewCell.swift; path = Controllers/Skills/CustomCell/SkillsCollectionViewCell.swift; sourceTree = "<group>"; };
		FA6BC1391EA2A51300AF3432 /* HTTPRouter.swift */ = {isa = PBXFileReference; fileEncoding = 4; lastKnownFileType = sourcecode.swift; name = HTTPRouter.swift; path = Enums/HTTPRouter.swift; sourceTree = "<group>"; };
		FA6BC13B1EA2A9C400AF3432 /* WebsiteAPICommunication.swift */ = {isa = PBXFileReference; fileEncoding = 4; lastKnownFileType = sourcecode.swift; name = WebsiteAPICommunication.swift; path = Network/WebsiteAPICommunication.swift; sourceTree = "<group>"; };
		FA6BC13D1EA2AA5A00AF3432 /* Skill.swift */ = {isa = PBXFileReference; fileEncoding = 4; lastKnownFileType = sourcecode.swift; name = Skill.swift; path = Models/Skill.swift; sourceTree = "<group>"; };
		FA7495191FA07C7900BF502E /* Study.swift */ = {isa = PBXFileReference; lastKnownFileType = sourcecode.swift; name = Study.swift; path = Models/Study.swift; sourceTree = "<group>"; };
		FA74951B1FA07ECE00BF502E /* HomeViewModel.swift */ = {isa = PBXFileReference; lastKnownFileType = sourcecode.swift; name = HomeViewModel.swift; path = ViewModel/HomeViewModel.swift; sourceTree = "<group>"; };
		FA7495201FA07FE700BF502E /* HomeViewController.swift */ = {isa = PBXFileReference; fileEncoding = 4; lastKnownFileType = sourcecode.swift; name = HomeViewController.swift; path = Controllers/Home/HomeViewController.swift; sourceTree = "<group>"; };
		FAACB8F21F9F7105000AD33F /* SkillsViewModel.swift */ = {isa = PBXFileReference; lastKnownFileType = sourcecode.swift; name = SkillsViewModel.swift; path = ViewModel/SkillsViewModel.swift; sourceTree = "<group>"; };
		FAACB8F41F9F72D7000AD33F /* BaseAPICommunication.swift */ = {isa = PBXFileReference; lastKnownFileType = sourcecode.swift; name = BaseAPICommunication.swift; path = Network/BaseAPICommunication.swift; sourceTree = "<group>"; };
		FAACB8F61F9F737F000AD33F /* ProjectViewModel.swift */ = {isa = PBXFileReference; lastKnownFileType = sourcecode.swift; name = ProjectViewModel.swift; path = ViewModel/ProjectViewModel.swift; sourceTree = "<group>"; };
		FAACB8F91F9F821C000AD33F /* ViewModelProtocol.swift */ = {isa = PBXFileReference; lastKnownFileType = sourcecode.swift; name = ViewModelProtocol.swift; path = Protocols/ViewModelProtocol.swift; sourceTree = "<group>"; };
		FAACB8FB1F9F8337000AD33F /* UIColor.swift */ = {isa = PBXFileReference; lastKnownFileType = sourcecode.swift; name = UIColor.swift; path = Extensions/UIColor.swift; sourceTree = "<group>"; };
		FACB63761E95C3A500EEBB02 /* GithubProject.swift */ = {isa = PBXFileReference; fileEncoding = 4; lastKnownFileType = sourcecode.swift; name = GithubProject.swift; path = Models/GithubProject.swift; sourceTree = "<group>"; };
		FAE00A3C1EA8564D00C121C1 /* GithubProjectsListTableViewController.swift */ = {isa = PBXFileReference; fileEncoding = 4; lastKnownFileType = sourcecode.swift; name = GithubProjectsListTableViewController.swift; path = Controllers/Projects/GithubProjectsListTableViewController.swift; sourceTree = "<group>"; };
		FAE00A3E1EA8565800C121C1 /* SkillsCollectionViewController.swift */ = {isa = PBXFileReference; fileEncoding = 4; lastKnownFileType = sourcecode.swift; name = SkillsCollectionViewController.swift; path = Controllers/Skills/SkillsCollectionViewController.swift; sourceTree = "<group>"; };
		FAE00A431EA8569500C121C1 /* GithubProjectListTableViewCell.swift */ = {isa = PBXFileReference; fileEncoding = 4; lastKnownFileType = sourcecode.swift; name = GithubProjectListTableViewCell.swift; path = Controllers/Projects/CustomCell/GithubProjectListTableViewCell.swift; sourceTree = "<group>"; };
		FAE2C6201E8C7D31006FE6C3 /* UIImageView.swift */ = {isa = PBXFileReference; fileEncoding = 4; lastKnownFileType = sourcecode.swift; name = UIImageView.swift; path = Extensions/UIImageView.swift; sourceTree = "<group>"; };
		FAE9831A1FA71E2400F3B46A /* Error.swift */ = {isa = PBXFileReference; lastKnownFileType = sourcecode.swift; name = Error.swift; path = Enums/Error.swift; sourceTree = "<group>"; };
		FAE9831C1FA73ABB00F3B46A /* Work.swift */ = {isa = PBXFileReference; lastKnownFileType = sourcecode.swift; name = Work.swift; path = Models/Work.swift; sourceTree = "<group>"; };
		FAFBC2DE1E986334009D1F9D /* GithubAPICommunication.swift */ = {isa = PBXFileReference; fileEncoding = 4; lastKnownFileType = sourcecode.swift; name = GithubAPICommunication.swift; path = Network/GithubAPICommunication.swift; sourceTree = "<group>"; };
/* End PBXFileReference section */

/* Begin PBXFrameworksBuildPhase section */
		FA3CC7711E8C65B3002CE7B3 /* Frameworks */ = {
			isa = PBXFrameworksBuildPhase;
			buildActionMask = 2147483647;
			files = (
				E1F3267141771AE6DAE453CE /* Pods_Resume.framework in Frameworks */,
			);
			runOnlyForDeploymentPostprocessing = 0;
		};
/* End PBXFrameworksBuildPhase section */

/* Begin PBXGroup section */
		CB44BF5C84C91D8FDB3007CB /* Pods */ = {
			isa = PBXGroup;
			children = (
				D49FC3687FD4E18166FBC94C /* Pods-Resume.debug.xcconfig */,
				8D097758E1D43B5FD3E54A2F /* Pods-Resume.release.xcconfig */,
			);
			name = Pods;
			sourceTree = "<group>";
		};
		F5A6F3336A29863E2DAE49B8 /* Frameworks */ = {
			isa = PBXGroup;
			children = (
				7BFBD9A56CE166C3D0910685 /* Pods_Resume.framework */,
			);
			name = Frameworks;
			sourceTree = "<group>";
		};
		FA1860661FA77638006B4B1C /* Constants */ = {
			isa = PBXGroup;
			children = (
				FA1860671FA77662006B4B1C /* AppConstants.swift */,
			);
			name = Constants;
			sourceTree = "<group>";
		};
		FA1860691FA777F7006B4B1C /* Works */ = {
			isa = PBXGroup;
			children = (
				FA18606E1FA788A2006B4B1C /* CustomCell */,
				FA18606A1FA7781A006B4B1C /* WorksTableViewController.swift */,
			);
			name = Works;
			sourceTree = "<group>";
		};
		FA18606E1FA788A2006B4B1C /* CustomCell */ = {
			isa = PBXGroup;
			children = (
				FA18606F1FA788B7006B4B1C /* WorksTableViewCell.swift */,
			);
			name = CustomCell;
			sourceTree = "<group>";
		};
		FA330D4C1FA0B60A004DC374 /* CustomCell */ = {
			isa = PBXGroup;
			children = (
				FA330D4D1FA0B62F004DC374 /* HomeCollectionViewCell.swift */,
			);
			name = CustomCell;
			sourceTree = "<group>";
		};
		FA3CC76B1E8C65B3002CE7B3 = {
			isa = PBXGroup;
			children = (
				FA3CC7761E8C65B3002CE7B3 /* Resume */,
				FA3CC7751E8C65B3002CE7B3 /* Products */,
				CB44BF5C84C91D8FDB3007CB /* Pods */,
				F5A6F3336A29863E2DAE49B8 /* Frameworks */,
			);
			sourceTree = "<group>";
		};
		FA3CC7751E8C65B3002CE7B3 /* Products */ = {
			isa = PBXGroup;
			children = (
				FA3CC7741E8C65B3002CE7B3 /* Resume.app */,
			);
			name = Products;
			sourceTree = "<group>";
		};
		FA3CC7761E8C65B3002CE7B3 /* Resume */ = {
			isa = PBXGroup;
			children = (
				FA1860661FA77638006B4B1C /* Constants */,
				FAACB8F81F9F8204000AD33F /* Protocols */,
				FAACB8F11F9F70E8000AD33F /* ViewModel */,
				FA621A841EA28DF0004FB8D5 /* Enums */,
				FAFBC2DD1E9861FB009D1F9D /* Network */,
				FA4A81101E969B17000E3AFA /* Utils */,
				FACB63781E95C54A00EEBB02 /* Controllers */,
				FAE2C61A1E8C68ED006FE6C3 /* Extensions */,
				FAE2C6181E8C67BB006FE6C3 /* Models */,
				FA3CC7771E8C65B3002CE7B3 /* AppDelegate.swift */,
				FA3CC77B1E8C65B3002CE7B3 /* Main.storyboard */,
				FA3CC77E1E8C65B3002CE7B3 /* Assets.xcassets */,
				FA3CC7801E8C65B3002CE7B3 /* LaunchScreen.storyboard */,
				FA3CC7831E8C65B3002CE7B3 /* Info.plist */,
				FA4A81131E969E66000E3AFA /* Network.plist */,
			);
			path = Resume;
			sourceTree = "<group>";
		};
		FA4A81101E969B17000E3AFA /* Utils */ = {
			isa = PBXGroup;
			children = (
				FA4A81111E969B3A000E3AFA /* PlistUtils.swift */,
				FA0EC75E1EAAB060002CFFE3 /* NetworkUtils.swift */,
			);
			name = Utils;
			sourceTree = "<group>";
		};
		FA621A841EA28DF0004FB8D5 /* Enums */ = {
			isa = PBXGroup;
			children = (
				FA621A851EA28E22004FB8D5 /* SortType.swift */,
				FA6BC1391EA2A51300AF3432 /* HTTPRouter.swift */,
				FAE9831A1FA71E2400F3B46A /* Error.swift */,
			);
			name = Enums;
			sourceTree = "<group>";
		};
		FA6883511EABC92C007D6C92 /* CustomCell */ = {
			isa = PBXGroup;
			children = (
				FA6883521EABE199007D6C92 /* SkillsCollectionViewCell.swift */,
			);
			name = CustomCell;
			sourceTree = "<group>";
		};
		FA74951D1FA07FAF00BF502E /* Home */ = {
			isa = PBXGroup;
			children = (
				FA330D4C1FA0B60A004DC374 /* CustomCell */,
				FA7495201FA07FE700BF502E /* HomeViewController.swift */,
			);
			name = Home;
			sourceTree = "<group>";
		};
		FAACB8F11F9F70E8000AD33F /* ViewModel */ = {
			isa = PBXGroup;
			children = (
				FAACB8F21F9F7105000AD33F /* SkillsViewModel.swift */,
				FAACB8F61F9F737F000AD33F /* ProjectViewModel.swift */,
				FA74951B1FA07ECE00BF502E /* HomeViewModel.swift */,
				FA1860641FA77632006B4B1C /* WorksViewModel.swift */,
			);
			name = ViewModel;
			sourceTree = "<group>";
		};
		FAACB8F81F9F8204000AD33F /* Protocols */ = {
			isa = PBXGroup;
			children = (
				FAACB8F91F9F821C000AD33F /* ViewModelProtocol.swift */,
				FA18606C1FA77DF1006B4B1C /* BindableProtocol.swift */,
			);
			name = Protocols;
			sourceTree = "<group>";
		};
		FACB63781E95C54A00EEBB02 /* Controllers */ = {
			isa = PBXGroup;
			children = (
				FA1860691FA777F7006B4B1C /* Works */,
				FA74951D1FA07FAF00BF502E /* Home */,
				FAE00A3B1EA8563D00C121C1 /* Skills */,
				FAE00A3A1EA8563300C121C1 /* Projects */,
			);
			name = Controllers;
			sourceTree = "<group>";
		};
		FAE00A3A1EA8563300C121C1 /* Projects */ = {
			isa = PBXGroup;
			children = (
				FAE00A401EA8566400C121C1 /* CustomCells */,
				FAE00A3C1EA8564D00C121C1 /* GithubProjectsListTableViewController.swift */,
			);
			name = Projects;
			sourceTree = "<group>";
		};
		FAE00A3B1EA8563D00C121C1 /* Skills */ = {
			isa = PBXGroup;
			children = (
				FA6883511EABC92C007D6C92 /* CustomCell */,
				FAE00A3E1EA8565800C121C1 /* SkillsCollectionViewController.swift */,
			);
			name = Skills;
			sourceTree = "<group>";
		};
		FAE00A401EA8566400C121C1 /* CustomCells */ = {
			isa = PBXGroup;
			children = (
				FAE00A431EA8569500C121C1 /* GithubProjectListTableViewCell.swift */,
			);
			name = CustomCells;
			sourceTree = "<group>";
		};
		FAE2C6181E8C67BB006FE6C3 /* Models */ = {
			isa = PBXGroup;
			children = (
				FACB63761E95C3A500EEBB02 /* GithubProject.swift */,
				FA6BC13D1EA2AA5A00AF3432 /* Skill.swift */,
				FA7495191FA07C7900BF502E /* Study.swift */,
				FAE9831C1FA73ABB00F3B46A /* Work.swift */,
			);
			name = Models;
			sourceTree = "<group>";
		};
		FAE2C61A1E8C68ED006FE6C3 /* Extensions */ = {
			isa = PBXGroup;
			children = (
				FAE2C6201E8C7D31006FE6C3 /* UIImageView.swift */,
				FAACB8FB1F9F8337000AD33F /* UIColor.swift */,
			);
			name = Extensions;
			sourceTree = "<group>";
		};
		FAFBC2DD1E9861FB009D1F9D /* Network */ = {
			isa = PBXGroup;
			children = (
				FAFBC2DE1E986334009D1F9D /* GithubAPICommunication.swift */,
				FA6BC13B1EA2A9C400AF3432 /* WebsiteAPICommunication.swift */,
				FAACB8F41F9F72D7000AD33F /* BaseAPICommunication.swift */,
			);
			name = Network;
			sourceTree = "<group>";
		};
/* End PBXGroup section */

/* Begin PBXNativeTarget section */
		FA3CC7731E8C65B3002CE7B3 /* Resume */ = {
			isa = PBXNativeTarget;
			buildConfigurationList = FA3CC7861E8C65B3002CE7B3 /* Build configuration list for PBXNativeTarget "Resume" */;
			buildPhases = (
				6FCC6133A30E3A8443C34A90 /* [CP] Check Pods Manifest.lock */,
				FA3CC7701E8C65B3002CE7B3 /* Sources */,
				FA3CC7711E8C65B3002CE7B3 /* Frameworks */,
				FA3CC7721E8C65B3002CE7B3 /* Resources */,
				C8E863553ADE05EE6C6A341A /* [CP] Embed Pods Frameworks */,
				137B7F3AAEC12B5FC6CBD112 /* [CP] Copy Pods Resources */,
			);
			buildRules = (
			);
			dependencies = (
			);
			name = Resume;
			productName = Resume;
			productReference = FA3CC7741E8C65B3002CE7B3 /* Resume.app */;
			productType = "com.apple.product-type.application";
		};
/* End PBXNativeTarget section */

/* Begin PBXProject section */
		FA3CC76C1E8C65B3002CE7B3 /* Project object */ = {
			isa = PBXProject;
			attributes = {
				LastSwiftUpdateCheck = 0830;
				LastUpgradeCheck = 0900;
				ORGANIZATIONNAME = "Odet Alexandre";
				TargetAttributes = {
					FA3CC7731E8C65B3002CE7B3 = {
						CreatedOnToolsVersion = 8.3;
						DevelopmentTeam = 97AYAAKHJ8;
						LastSwiftMigration = 0900;
						ProvisioningStyle = Automatic;
					};
				};
			};
			buildConfigurationList = FA3CC76F1E8C65B3002CE7B3 /* Build configuration list for PBXProject "Resume" */;
			compatibilityVersion = "Xcode 3.2";
			developmentRegion = English;
			hasScannedForEncodings = 0;
			knownRegions = (
				en,
				Base,
			);
			mainGroup = FA3CC76B1E8C65B3002CE7B3;
			productRefGroup = FA3CC7751E8C65B3002CE7B3 /* Products */;
			projectDirPath = "";
			projectRoot = "";
			targets = (
				FA3CC7731E8C65B3002CE7B3 /* Resume */,
			);
		};
/* End PBXProject section */

/* Begin PBXResourcesBuildPhase section */
		FA3CC7721E8C65B3002CE7B3 /* Resources */ = {
			isa = PBXResourcesBuildPhase;
			buildActionMask = 2147483647;
			files = (
				FA3CC7821E8C65B3002CE7B3 /* LaunchScreen.storyboard in Resources */,
				FA4A81141E969E66000E3AFA /* Network.plist in Resources */,
				FA3CC77F1E8C65B3002CE7B3 /* Assets.xcassets in Resources */,
				FA3CC77D1E8C65B3002CE7B3 /* Main.storyboard in Resources */,
			);
			runOnlyForDeploymentPostprocessing = 0;
		};
/* End PBXResourcesBuildPhase section */

/* Begin PBXShellScriptBuildPhase section */
		137B7F3AAEC12B5FC6CBD112 /* [CP] Copy Pods Resources */ = {
			isa = PBXShellScriptBuildPhase;
			buildActionMask = 2147483647;
			files = (
			);
			inputPaths = (
			);
			name = "[CP] Copy Pods Resources";
			outputPaths = (
			);
			runOnlyForDeploymentPostprocessing = 0;
			shellPath = /bin/sh;
			shellScript = "\"${SRCROOT}/Pods/Target Support Files/Pods-Resume/Pods-Resume-resources.sh\"\n";
			showEnvVarsInLog = 0;
		};
		6FCC6133A30E3A8443C34A90 /* [CP] Check Pods Manifest.lock */ = {
			isa = PBXShellScriptBuildPhase;
			buildActionMask = 2147483647;
			files = (
			);
			inputPaths = (
				"${PODS_PODFILE_DIR_PATH}/Podfile.lock",
				"${PODS_ROOT}/Manifest.lock",
			);
			name = "[CP] Check Pods Manifest.lock";
			outputPaths = (
				"$(DERIVED_FILE_DIR)/Pods-Resume-checkManifestLockResult.txt",
			);
			runOnlyForDeploymentPostprocessing = 0;
			shellPath = /bin/sh;
			shellScript = "diff \"${PODS_PODFILE_DIR_PATH}/Podfile.lock\" \"${PODS_ROOT}/Manifest.lock\" > /dev/null\nif [ $? != 0 ] ; then\n    # print error to STDERR\n    echo \"error: The sandbox is not in sync with the Podfile.lock. Run 'pod install' or update your CocoaPods installation.\" >&2\n    exit 1\nfi\n# This output is used by Xcode 'outputs' to avoid re-running this script phase.\necho \"SUCCESS\" > \"${SCRIPT_OUTPUT_FILE_0}\"\n";
			showEnvVarsInLog = 0;
		};
		C8E863553ADE05EE6C6A341A /* [CP] Embed Pods Frameworks */ = {
			isa = PBXShellScriptBuildPhase;
			buildActionMask = 2147483647;
			files = (
			);
			inputPaths = (
				"${SRCROOT}/Pods/Target Support Files/Pods-Resume/Pods-Resume-frameworks.sh",
				"${BUILT_PRODUCTS_DIR}/Alamofire/Alamofire.framework",
				"${BUILT_PRODUCTS_DIR}/AlamofireObjectMapper/AlamofireObjectMapper.framework",
				"${BUILT_PRODUCTS_DIR}/CircleProgressBar/CircleProgressBar.framework",
				"${BUILT_PRODUCTS_DIR}/ObjectMapper/ObjectMapper.framework",
				"${BUILT_PRODUCTS_DIR}/RxCocoa/RxCocoa.framework",
				"${BUILT_PRODUCTS_DIR}/RxSwift/RxSwift.framework",
				"${BUILT_PRODUCTS_DIR}/SnapKit/SnapKit.framework",
			);
			name = "[CP] Embed Pods Frameworks";
			outputPaths = (
				"${TARGET_BUILD_DIR}/${FRAMEWORKS_FOLDER_PATH}/Alamofire.framework",
				"${TARGET_BUILD_DIR}/${FRAMEWORKS_FOLDER_PATH}/AlamofireObjectMapper.framework",
				"${TARGET_BUILD_DIR}/${FRAMEWORKS_FOLDER_PATH}/CircleProgressBar.framework",
				"${TARGET_BUILD_DIR}/${FRAMEWORKS_FOLDER_PATH}/ObjectMapper.framework",
				"${TARGET_BUILD_DIR}/${FRAMEWORKS_FOLDER_PATH}/RxCocoa.framework",
				"${TARGET_BUILD_DIR}/${FRAMEWORKS_FOLDER_PATH}/RxSwift.framework",
				"${TARGET_BUILD_DIR}/${FRAMEWORKS_FOLDER_PATH}/SnapKit.framework",
			);
			runOnlyForDeploymentPostprocessing = 0;
			shellPath = /bin/sh;
			shellScript = "\"${SRCROOT}/Pods/Target Support Files/Pods-Resume/Pods-Resume-frameworks.sh\"\n";
			showEnvVarsInLog = 0;
		};
/* End PBXShellScriptBuildPhase section */

/* Begin PBXSourcesBuildPhase section */
		FA3CC7701E8C65B3002CE7B3 /* Sources */ = {
			isa = PBXSourcesBuildPhase;
			buildActionMask = 2147483647;
			files = (
				FA4A81121E969B3A000E3AFA /* PlistUtils.swift in Sources */,
				FAACB8FC1F9F8337000AD33F /* UIColor.swift in Sources */,
				FAE9831D1FA73ABB00F3B46A /* Work.swift in Sources */,
				FAE00A441EA8569500C121C1 /* GithubProjectListTableViewCell.swift in Sources */,
				FA6BC13E1EA2AA5A00AF3432 /* Skill.swift in Sources */,
				FA18606D1FA77DF1006B4B1C /* BindableProtocol.swift in Sources */,
				FA74951C1FA07ECE00BF502E /* HomeViewModel.swift in Sources */,
				FA1860651FA77632006B4B1C /* WorksViewModel.swift in Sources */,
				FAACB8F71F9F737F000AD33F /* ProjectViewModel.swift in Sources */,
				FAE2C6211E8C7D31006FE6C3 /* UIImageView.swift in Sources */,
				FAE00A3F1EA8565800C121C1 /* SkillsCollectionViewController.swift in Sources */,
				FA621A861EA28E22004FB8D5 /* SortType.swift in Sources */,
				FACB63771E95C3A500EEBB02 /* GithubProject.swift in Sources */,
				FA0EC75F1EAAB060002CFFE3 /* NetworkUtils.swift in Sources */,
				FA7495211FA07FE700BF502E /* HomeViewController.swift in Sources */,
				FAFBC2DF1E986334009D1F9D /* GithubAPICommunication.swift in Sources */,
				FA74951A1FA07C7900BF502E /* Study.swift in Sources */,
				FA3CC7781E8C65B3002CE7B3 /* AppDelegate.swift in Sources */,
				FA1860701FA788B7006B4B1C /* WorksTableViewCell.swift in Sources */,
				FAACB8F51F9F72D7000AD33F /* BaseAPICommunication.swift in Sources */,
				FA6BC13A1EA2A51300AF3432 /* HTTPRouter.swift in Sources */,
				FA1860681FA77662006B4B1C /* AppConstants.swift in Sources */,
				FAACB8F31F9F7105000AD33F /* SkillsViewModel.swift in Sources */,
				FAACB8FA1F9F821C000AD33F /* ViewModelProtocol.swift in Sources */,
				FA18606B1FA7781A006B4B1C /* WorksTableViewController.swift in Sources */,
				FAE00A3D1EA8564D00C121C1 /* GithubProjectsListTableViewController.swift in Sources */,
				FA6BC13C1EA2A9C400AF3432 /* WebsiteAPICommunication.swift in Sources */,
				FA6883531EABE199007D6C92 /* SkillsCollectionViewCell.swift in Sources */,
				FAE9831B1FA71E2400F3B46A /* Error.swift in Sources */,
				FA330D4E1FA0B62F004DC374 /* HomeCollectionViewCell.swift in Sources */,
			);
			runOnlyForDeploymentPostprocessing = 0;
		};
/* End PBXSourcesBuildPhase section */

/* Begin PBXVariantGroup section */
		FA3CC77B1E8C65B3002CE7B3 /* Main.storyboard */ = {
			isa = PBXVariantGroup;
			children = (
				FA3CC77C1E8C65B3002CE7B3 /* Base */,
			);
			name = Main.storyboard;
			sourceTree = "<group>";
		};
		FA3CC7801E8C65B3002CE7B3 /* LaunchScreen.storyboard */ = {
			isa = PBXVariantGroup;
			children = (
				FA3CC7811E8C65B3002CE7B3 /* Base */,
			);
			name = LaunchScreen.storyboard;
			sourceTree = "<group>";
		};
/* End PBXVariantGroup section */

/* Begin XCBuildConfiguration section */
		FA3CC7841E8C65B3002CE7B3 /* Debug */ = {
			isa = XCBuildConfiguration;
			buildSettings = {
				ALWAYS_SEARCH_USER_PATHS = NO;
				CLANG_ANALYZER_NONNULL = YES;
				CLANG_ANALYZER_NUMBER_OBJECT_CONVERSION = YES_AGGRESSIVE;
				CLANG_CXX_LANGUAGE_STANDARD = "gnu++0x";
				CLANG_CXX_LIBRARY = "libc++";
				CLANG_ENABLE_MODULES = YES;
				CLANG_ENABLE_OBJC_ARC = YES;
				CLANG_WARN_BLOCK_CAPTURE_AUTORELEASING = YES;
				CLANG_WARN_BOOL_CONVERSION = YES;
				CLANG_WARN_COMMA = YES;
				CLANG_WARN_CONSTANT_CONVERSION = YES;
				CLANG_WARN_DIRECT_OBJC_ISA_USAGE = YES_ERROR;
				CLANG_WARN_DOCUMENTATION_COMMENTS = YES;
				CLANG_WARN_EMPTY_BODY = YES;
				CLANG_WARN_ENUM_CONVERSION = YES;
				CLANG_WARN_INFINITE_RECURSION = YES;
				CLANG_WARN_INT_CONVERSION = YES;
				CLANG_WARN_NON_LITERAL_NULL_CONVERSION = YES;
				CLANG_WARN_OBJC_LITERAL_CONVERSION = YES;
				CLANG_WARN_OBJC_ROOT_CLASS = YES_ERROR;
				CLANG_WARN_RANGE_LOOP_ANALYSIS = YES;
				CLANG_WARN_STRICT_PROTOTYPES = YES;
				CLANG_WARN_SUSPICIOUS_MOVE = YES;
				CLANG_WARN_UNREACHABLE_CODE = YES;
				CLANG_WARN__DUPLICATE_METHOD_MATCH = YES;
				"CODE_SIGN_IDENTITY[sdk=iphoneos*]" = "iPhone Developer";
				COPY_PHASE_STRIP = NO;
				DEBUG_INFORMATION_FORMAT = dwarf;
				ENABLE_STRICT_OBJC_MSGSEND = YES;
				ENABLE_TESTABILITY = YES;
				GCC_C_LANGUAGE_STANDARD = gnu99;
				GCC_DYNAMIC_NO_PIC = NO;
				GCC_NO_COMMON_BLOCKS = YES;
				GCC_OPTIMIZATION_LEVEL = 0;
				GCC_PREPROCESSOR_DEFINITIONS = (
					"DEBUG=1",
					"$(inherited)",
				);
				GCC_WARN_64_TO_32_BIT_CONVERSION = YES;
				GCC_WARN_ABOUT_RETURN_TYPE = YES_ERROR;
				GCC_WARN_UNDECLARED_SELECTOR = YES;
				GCC_WARN_UNINITIALIZED_AUTOS = YES_AGGRESSIVE;
				GCC_WARN_UNUSED_FUNCTION = YES;
				GCC_WARN_UNUSED_VARIABLE = YES;
				IPHONEOS_DEPLOYMENT_TARGET = 10.3;
				MTL_ENABLE_DEBUG_INFO = YES;
				ONLY_ACTIVE_ARCH = YES;
				SDKROOT = iphoneos;
				SWIFT_ACTIVE_COMPILATION_CONDITIONS = DEBUG;
				SWIFT_OPTIMIZATION_LEVEL = "-Onone";
			};
			name = Debug;
		};
		FA3CC7851E8C65B3002CE7B3 /* Release */ = {
			isa = XCBuildConfiguration;
			buildSettings = {
				ALWAYS_SEARCH_USER_PATHS = NO;
				CLANG_ANALYZER_NONNULL = YES;
				CLANG_ANALYZER_NUMBER_OBJECT_CONVERSION = YES_AGGRESSIVE;
				CLANG_CXX_LANGUAGE_STANDARD = "gnu++0x";
				CLANG_CXX_LIBRARY = "libc++";
				CLANG_ENABLE_MODULES = YES;
				CLANG_ENABLE_OBJC_ARC = YES;
				CLANG_WARN_BLOCK_CAPTURE_AUTORELEASING = YES;
				CLANG_WARN_BOOL_CONVERSION = YES;
				CLANG_WARN_COMMA = YES;
				CLANG_WARN_CONSTANT_CONVERSION = YES;
				CLANG_WARN_DIRECT_OBJC_ISA_USAGE = YES_ERROR;
				CLANG_WARN_DOCUMENTATION_COMMENTS = YES;
				CLANG_WARN_EMPTY_BODY = YES;
				CLANG_WARN_ENUM_CONVERSION = YES;
				CLANG_WARN_INFINITE_RECURSION = YES;
				CLANG_WARN_INT_CONVERSION = YES;
				CLANG_WARN_NON_LITERAL_NULL_CONVERSION = YES;
				CLANG_WARN_OBJC_LITERAL_CONVERSION = YES;
				CLANG_WARN_OBJC_ROOT_CLASS = YES_ERROR;
				CLANG_WARN_RANGE_LOOP_ANALYSIS = YES;
				CLANG_WARN_STRICT_PROTOTYPES = YES;
				CLANG_WARN_SUSPICIOUS_MOVE = YES;
				CLANG_WARN_UNREACHABLE_CODE = YES;
				CLANG_WARN__DUPLICATE_METHOD_MATCH = YES;
				"CODE_SIGN_IDENTITY[sdk=iphoneos*]" = "iPhone Developer";
				COPY_PHASE_STRIP = NO;
				DEBUG_INFORMATION_FORMAT = "dwarf-with-dsym";
				ENABLE_NS_ASSERTIONS = NO;
				ENABLE_STRICT_OBJC_MSGSEND = YES;
				GCC_C_LANGUAGE_STANDARD = gnu99;
				GCC_NO_COMMON_BLOCKS = YES;
				GCC_WARN_64_TO_32_BIT_CONVERSION = YES;
				GCC_WARN_ABOUT_RETURN_TYPE = YES_ERROR;
				GCC_WARN_UNDECLARED_SELECTOR = YES;
				GCC_WARN_UNINITIALIZED_AUTOS = YES_AGGRESSIVE;
				GCC_WARN_UNUSED_FUNCTION = YES;
				GCC_WARN_UNUSED_VARIABLE = YES;
				IPHONEOS_DEPLOYMENT_TARGET = 10.3;
				MTL_ENABLE_DEBUG_INFO = NO;
				SDKROOT = iphoneos;
				SWIFT_OPTIMIZATION_LEVEL = "-Owholemodule";
				VALIDATE_PRODUCT = YES;
			};
			name = Release;
		};
		FA3CC7871E8C65B3002CE7B3 /* Debug */ = {
			isa = XCBuildConfiguration;
			baseConfigurationReference = D49FC3687FD4E18166FBC94C /* Pods-Resume.debug.xcconfig */;
			buildSettings = {
				ASSETCATALOG_COMPILER_APPICON_NAME = AppIcon;
				DEVELOPMENT_TEAM = 97AYAAKHJ8;
				INFOPLIST_FILE = Resume/Info.plist;
				LD_RUNPATH_SEARCH_PATHS = "$(inherited) @executable_path/Frameworks";
				PRODUCT_BUNDLE_IDENTIFIER = OdetAlexandre.Resume;
				PRODUCT_NAME = "$(TARGET_NAME)";
				SWIFT_SWIFT3_OBJC_INFERENCE = On;
				SWIFT_VERSION = 4.0;
			};
			name = Debug;
		};
		FA3CC7881E8C65B3002CE7B3 /* Release */ = {
			isa = XCBuildConfiguration;
			baseConfigurationReference = 8D097758E1D43B5FD3E54A2F /* Pods-Resume.release.xcconfig */;
			buildSettings = {
				ASSETCATALOG_COMPILER_APPICON_NAME = AppIcon;
				DEVELOPMENT_TEAM = 97AYAAKHJ8;
				INFOPLIST_FILE = Resume/Info.plist;
				LD_RUNPATH_SEARCH_PATHS = "$(inherited) @executable_path/Frameworks";
				PRODUCT_BUNDLE_IDENTIFIER = OdetAlexandre.Resume;
				PRODUCT_NAME = "$(TARGET_NAME)";
				SWIFT_SWIFT3_OBJC_INFERENCE = On;
				SWIFT_VERSION = 4.0;
			};
			name = Release;
		};
/* End XCBuildConfiguration section */

/* Begin XCConfigurationList section */
		FA3CC76F1E8C65B3002CE7B3 /* Build configuration list for PBXProject "Resume" */ = {
			isa = XCConfigurationList;
			buildConfigurations = (
				FA3CC7841E8C65B3002CE7B3 /* Debug */,
				FA3CC7851E8C65B3002CE7B3 /* Release */,
			);
			defaultConfigurationIsVisible = 0;
			defaultConfigurationName = Release;
		};
		FA3CC7861E8C65B3002CE7B3 /* Build configuration list for PBXNativeTarget "Resume" */ = {
			isa = XCConfigurationList;
			buildConfigurations = (
				FA3CC7871E8C65B3002CE7B3 /* Debug */,
				FA3CC7881E8C65B3002CE7B3 /* Release */,
			);
			defaultConfigurationIsVisible = 0;
			defaultConfigurationName = Release;
		};
/* End XCConfigurationList section */
	};
	rootObject = FA3CC76C1E8C65B3002CE7B3 /* Project object */;
}
